
Microsoft Visual Studio Solution File, Format Version 12.00
# Visual Studio Version 17
VisualStudioVersion = 17.12.35707.178 d17.12
MinimumVisualStudioVersion = 10.0.40219.1
Project("{FAE04EC0-301F-11D3-BF4B-00C04F79EFBC}") = "WindowsFormsApp1", "WindowsFormsApp1\WindowsFormsApp1.csproj", "{BDCC3E63-2B49-46C3-93A9-945476E48FBE}"
EndProject
Global
	GlobalSection(SolutionConfigurationPlatforms) = preSolution
		Debug|Any CPU = Debug|Any CPU
		Release|Any CPU = Release|Any CPU
	EndGlobalSection
	GlobalSection(ProjectConfigurationPlatforms) = postSolution
		{BDCC3E63-2B49-46C3-93A9-945476E48FBE}.Debug|Any CPU.ActiveCfg = Debug|Any CPU
		{BDCC3E63-2B49-46C3-93A9-945476E48FBE}.Debug|Any CPU.Build.0 = Debug|Any CPU
		{BDCC3E63-2B49-46C3-93A9-945476E48FBE}.Release|Any CPU.ActiveCfg = Release|Any CPU
		{BDCC3E63-2B49-46C3-93A9-945476E48FBE}.Release|Any CPU.Build.0 = Release|Any CPU
	EndGlobalSection
	GlobalSection(SolutionProperties) = preSolution
		HideSolutionNode = FALSE
	EndGlobalSection
EndGlobal
